// !$*UTF8*$!
{
	archiveVersion = 1;
	classes = {
	};
	objectVersion = 77;
	objects = {

/* Begin PBXBuildFile section */
		1A1C29402F5B69DC00EEBD1B /* GoogleMobileAds in Frameworks */ = {isa = PBXBuildFile; productRef = 1A1C293F2F5B69DC00EEBD1B /* GoogleMobileAds */; };
		1AEE8DD92F5B526C0090F6B4 /* Configuration.storekit in Resources */ = {isa = PBXBuildFile; fileRef = 1AEE8DD72F5B526C0090F6B4 /* Configuration.storekit */; };
		1AEE8DDA2F5B526C0090F6B4 /* C6CAD636.png in Resources */ = {isa = PBXBuildFile; fileRef = 1AEE8DD52F5B526C0090F6B4 /* C6CAD636.png */; };
		B26E54FE2E3DC8210060CE0F /* HomeView.swift in Sources */ = {isa = PBXBuildFile; fileRef = B26E54FC2E3DC5EB0060CE0F /* HomeView.swift */; };
		B26E54FF2E4069F70060CE0F /* TideViewModel.swift in Sources */ = {isa = PBXBuildFile; fileRef = B26E54F52E3DC4AD0060CE0F /* TideViewModel.swift */; };
		B26E55002E406A200060CE0F /* mode.swift in Sources */ = {isa = PBXBuildFile; fileRef = B26E54F62E3DC4C00060CE0F /* mode.swift */; };
		B26E55012E406A270060CE0F /* TidePoint.swift in Sources */ = {isa = PBXBuildFile; fileRef = B26E54FA2E3DC5420060CE0F /* TidePoint.swift */; };
		B26E55022E406A2A0060CE0F /* OceanConditions.swift in Sources */ = {isa = PBXBuildFile; fileRef = B26E54F82E3DC4F10060CE0F /* OceanConditions.swift */; };
		B26E55042E43DE4B0060CE0F /* TideCurveView.swift in Sources */ = {isa = PBXBuildFile; fileRef = B26E55032E43DE3D0060CE0F /* TideCurveView.swift */; };
		B2F100282E4A5C4F0046C842 /* TideDayListView.swift in Sources */ = {isa = PBXBuildFile; fileRef = B2F100272E4A5C440046C842 /* TideDayListView.swift */; };
		B2F1002C2E4A5E3B0046C842 /* APICache.swift in Sources */ = {isa = PBXBuildFile; fileRef = B2F1002B2E4A5E390046C842 /* APICache.swift */; };
/* End PBXBuildFile section */

/* Begin PBXContainerItemProxy section */
		B26E54D32E3DC3CB0060CE0F /* PBXContainerItemProxy */ = {
			isa = PBXContainerItemProxy;
			containerPortal = B26E54BC2E3DC3C90060CE0F /* Project object */;
			proxyType = 1;
			remoteGlobalIDString = B26E54C32E3DC3C90060CE0F;
			remoteInfo = "Tide Buoy";
		};
		B26E54DD2E3DC3CB0060CE0F /* PBXContainerItemProxy */ = {
			isa = PBXContainerItemProxy;
			containerPortal = B26E54BC2E3DC3C90060CE0F /* Project object */;
			proxyType = 1;
			remoteGlobalIDString = B26E54C32E3DC3C90060CE0F;
			remoteInfo = "Tide Buoy";
		};
/* End PBXContainerItemProxy section */

/* Begin PBXFileReference section */
		1AEE8DD42F59FFC70090F6B4 /* Brad_Booth_Media.Tide_Buoy.premium.lifetime.storekit.storekit */ = {isa = PBXFileReference; lastKnownFileType = text; path = Brad_Booth_Media.Tide_Buoy.premium.lifetime.storekit.storekit; sourceTree = "<group>"; };
		1AEE8DD52F5B526C0090F6B4 /* C6CAD636.png */ = {isa = PBXFileReference; lastKnownFileType = image.png; path = C6CAD636.png; sourceTree = "<group>"; };
		1AEE8DD72F5B526C0090F6B4 /* Configuration.storekit */ = {isa = PBXFileReference; lastKnownFileType = text; path = Configuration.storekit; sourceTree = "<group>"; };
		B26E54C42E3DC3C90060CE0F /* Tide Buoy.app */ = {isa = PBXFileReference; explicitFileType = wrapper.application; includeInIndex = 0; path = "Tide Buoy.app"; sourceTree = BUILT_PRODUCTS_DIR; };
		B26E54D22E3DC3CB0060CE0F /* Tide BuoyTests.xctest */ = {isa = PBXFileReference; explicitFileType = wrapper.cfbundle; includeInIndex = 0; path = "Tide BuoyTests.xctest"; sourceTree = BUILT_PRODUCTS_DIR; };
		B26E54DC2E3DC3CB0060CE0F /* Tide BuoyUITests.xctest */ = {isa = PBXFileReference; explicitFileType = wrapper.cfbundle; includeInIndex = 0; path = "Tide BuoyUITests.xctest"; sourceTree = BUILT_PRODUCTS_DIR; };
		B26E54F52E3DC4AD0060CE0F /* TideViewModel.swift */ = {isa = PBXFileReference; lastKnownFileType = sourcecode.swift; path = TideViewModel.swift; sourceTree = "<group>"; };
		B26E54F62E3DC4C00060CE0F /* mode.swift */ = {isa = PBXFileReference; lastKnownFileType = sourcecode.swift; path = mode.swift; sourceTree = "<group>"; };
		B26E54F82E3DC4F10060CE0F /* OceanConditions.swift */ = {isa = PBXFileReference; lastKnownFileType = sourcecode.swift; path = OceanConditions.swift; sourceTree = "<group>"; };
		B26E54FA2E3DC5420060CE0F /* TidePoint.swift */ = {isa = PBXFileReference; lastKnownFileType = sourcecode.swift; path = TidePoint.swift; sourceTree = "<group>"; };
		B26E54FC2E3DC5EB0060CE0F /* HomeView.swift */ = {isa = PBXFileReference; lastKnownFileType = sourcecode.swift; path = HomeView.swift; sourceTree = "<group>"; };
		B26E55032E43DE3D0060CE0F /* TideCurveView.swift */ = {isa = PBXFileReference; lastKnownFileType = sourcecode.swift; path = TideCurveView.swift; sourceTree = "<group>"; };
		B2F100272E4A5C440046C842 /* TideDayListView.swift */ = {isa = PBXFileReference; lastKnownFileType = sourcecode.swift; path = TideDayListView.swift; sourceTree = "<group>"; };
		B2F1002B2E4A5E390046C842 /* APICache.swift */ = {isa = PBXFileReference; lastKnownFileType = sourcecode.swift; path = APICache.swift; sourceTree = "<group>"; };
/* End PBXFileReference section */

/* Begin PBXFileSystemSynchronizedRootGroup section */
		B26E54C62E3DC3C90060CE0F /* Tide Buoy */ = {
			isa = PBXFileSystemSynchronizedRootGroup;
			path = "Tide Buoy";
			sourceTree = "<group>";
		};
		B26E54D52E3DC3CB0060CE0F /* Tide BuoyTests */ = {
			isa = PBXFileSystemSynchronizedRootGroup;
			path = "Tide BuoyTests";
			sourceTree = "<group>";
		};
		B26E54DF2E3DC3CB0060CE0F /* Tide BuoyUITests */ = {
			isa = PBXFileSystemSynchronizedRootGroup;
			path = "Tide BuoyUITests";
			sourceTree = "<group>";
		};
/* End PBXFileSystemSynchronizedRootGroup section */

/* Begin PBXFrameworksBuildPhase section */
		B26E54C12E3DC3C90060CE0F /* Frameworks */ = {
			isa = PBXFrameworksBuildPhase;
			buildActionMask = 2147483647;
			files = (
				1A1C29402F5B69DC00EEBD1B /* GoogleMobileAds in Frameworks */,
			);
			runOnlyForDeploymentPostprocessing = 0;
		};
		B26E54CF2E3DC3CB0060CE0F /* Frameworks */ = {
			isa = PBXFrameworksBuildPhase;
			buildActionMask = 2147483647;
			files = (
			);
			runOnlyForDeploymentPostprocessing = 0;
		};
		B26E54D92E3DC3CB0060CE0F /* Frameworks */ = {
			isa = PBXFrameworksBuildPhase;
			buildActionMask = 2147483647;
			files = (
			);
			runOnlyForDeploymentPostprocessing = 0;
		};
/* End PBXFrameworksBuildPhase section */

/* Begin PBXGroup section */
		1AEE8DD62F5B526C0090F6B4 /* Assets */ = {
			isa = PBXGroup;
			children = (
				1AEE8DD52F5B526C0090F6B4 /* C6CAD636.png */,
			);
			path = Assets;
			sourceTree = "<group>";
		};
		1AEE8DD82F5B526C0090F6B4 /* Brad_Booth_Media.Tide_Buoy.premium.lifetime.storekit.storekit */ = {
			isa = PBXGroup;
			children = (
				1AEE8DD62F5B526C0090F6B4 /* Assets */,
				1AEE8DD72F5B526C0090F6B4 /* Configuration.storekit */,
			);
			path = Brad_Booth_Media.Tide_Buoy.premium.lifetime.storekit.storekit;
			sourceTree = "<group>";
		};
		B26E54BB2E3DC3C90060CE0F = {
			isa = PBXGroup;
			children = (
				1AEE8DD82F5B526C0090F6B4 /* Brad_Booth_Media.Tide_Buoy.premium.lifetime.storekit.storekit */,
				1AEE8DD42F59FFC70090F6B4 /* Brad_Booth_Media.Tide_Buoy.premium.lifetime.storekit.storekit */,
				B26E54F32E3DC4090060CE0F /* Supporting */,
				B26E54F22E3DC4000060CE0F /* Networking */,
				B26E54F12E3DC3FA0060CE0F /* Views */,
				B26E54F02E3DC3F30060CE0F /* ViewModels */,
				B26E54EF2E3DC3EC0060CE0F /* Models */,
				B26E54C62E3DC3C90060CE0F /* Tide Buoy */,
				B26E54D52E3DC3CB0060CE0F /* Tide BuoyTests */,
				B26E54DF2E3DC3CB0060CE0F /* Tide BuoyUITests */,
				B26E54C52E3DC3C90060CE0F /* Products */,
			);
			sourceTree = "<group>";
		};
		B26E54C52E3DC3C90060CE0F /* Products */ = {
			isa = PBXGroup;
			children = (
				B26E54C42E3DC3C90060CE0F /* Tide Buoy.app */,
				B26E54D22E3DC3CB0060CE0F /* Tide BuoyTests.xctest */,
				B26E54DC2E3DC3CB0060CE0F /* Tide BuoyUITests.xctest */,
			);
			name = Products;
			sourceTree = "<group>";
		};
		B26E54EF2E3DC3EC0060CE0F /* Models */ = {
			isa = PBXGroup;
			children = (
				B2F1002B2E4A5E390046C842 /* APICache.swift */,
				B26E54FA2E3DC5420060CE0F /* TidePoint.swift */,
				B26E54F82E3DC4F10060CE0F /* OceanConditions.swift */,
			);
			path = Models;
			sourceTree = "<group>";
		};
		B26E54F02E3DC3F30060CE0F /* ViewModels */ = {
			isa = PBXGroup;
			children = (
				B26E54F52E3DC4AD0060CE0F /* TideViewModel.swift */,
			);
			path = ViewModels;
			sourceTree = "<group>";
		};
		B26E54F12E3DC3FA0060CE0F /* Views */ = {
			isa = PBXGroup;
			children = (
				B26E55032E43DE3D0060CE0F /* TideCurveView.swift */,
				B2F100272E4A5C440046C842 /* TideDayListView.swift */,
				B26E54FC2E3DC5EB0060CE0F /* HomeView.swift */,
			);
			path = Views;
			sourceTree = "<group>";
		};
		B26E54F22E3DC4000060CE0F /* Networking */ = {
			isa = PBXGroup;
			children = (
			);
			path = Networking;
			sourceTree = "<group>";
		};
		B26E54F32E3DC4090060CE0F /* Supporting */ = {
			isa = PBXGroup;
			children = (
				B26E54F62E3DC4C00060CE0F /* mode.swift */,
			);
			path = Supporting;
			sourceTree = "<group>";
		};
/* End PBXGroup section */

/* Begin PBXNativeTarget section */
		B26E54C32E3DC3C90060CE0F /* Tide Buoy */ = {
			isa = PBXNativeTarget;
			buildConfigurationList = B26E54E62E3DC3CB0060CE0F /* Build configuration list for PBXNativeTarget "Tide Buoy" */;
			buildPhases = (
				B26E54C02E3DC3C90060CE0F /* Sources */,
				B26E54C12E3DC3C90060CE0F /* Frameworks */,
				B26E54C22E3DC3C90060CE0F /* Resources */,
			);
			buildRules = (
			);
			dependencies = (
			);
			fileSystemSynchronizedGroups = (
				B26E54C62E3DC3C90060CE0F /* Tide Buoy */,
			);
			name = "Tide Buoy";
			packageProductDependencies = (
				1A1C293F2F5B69DC00EEBD1B /* GoogleMobileAds */,
			);
			productName = "Tide Buoy";
			productReference = B26E54C42E3DC3C90060CE0F /* Tide Buoy.app */;
			productType = "com.apple.product-type.application";
		};
		B26E54D12E3DC3CB0060CE0F /* Tide BuoyTests */ = {
			isa = PBXNativeTarget;
			buildConfigurationList = B26E54E92E3DC3CB0060CE0F /* Build configuration list for PBXNativeTarget "Tide BuoyTests" */;
			buildPhases = (
				B26E54CE2E3DC3CB0060CE0F /* Sources */,
				B26E54CF2E3DC3CB0060CE0F /* Frameworks */,
				B26E54D02E3DC3CB0060CE0F /* Resources */,
			);
			buildRules = (
			);
			dependencies = (
				B26E54D42E3DC3CB0060CE0F /* PBXTargetDependency */,
			);
			fileSystemSynchronizedGroups = (
				B26E54D52E3DC3CB0060CE0F /* Tide BuoyTests */,
			);
			name = "Tide BuoyTests";
			packageProductDependencies = (
			);
			productName = "Tide BuoyTests";
			productReference = B26E54D22E3DC3CB0060CE0F /* Tide BuoyTests.xctest */;
			productType = "com.apple.product-type.bundle.unit-test";
		};
		B26E54DB2E3DC3CB0060CE0F /* Tide BuoyUITests */ = {
			isa = PBXNativeTarget;
			buildConfigurationList = B26E54EC2E3DC3CB0060CE0F /* Build configuration list for PBXNativeTarget "Tide BuoyUITests" */;
			buildPhases = (
				B26E54D82E3DC3CB0060CE0F /* Sources */,
				B26E54D92E3DC3CB0060CE0F /* Frameworks */,
				B26E54DA2E3DC3CB0060CE0F /* Resources */,
			);
			buildRules = (
			);
			dependencies = (
				B26E54DE2E3DC3CB0060CE0F /* PBXTargetDependency */,
			);
			fileSystemSynchronizedGroups = (
				B26E54DF2E3DC3CB0060CE0F /* Tide BuoyUITests */,
			);
			name = "Tide BuoyUITests";
			packageProductDependencies = (
			);
			productName = "Tide BuoyUITests";
			productReference = B26E54DC2E3DC3CB0060CE0F /* Tide BuoyUITests.xctest */;
			productType = "com.apple.product-type.bundle.ui-testing";
		};
/* End PBXNativeTarget section */

/* Begin PBXProject section */
		B26E54BC2E3DC3C90060CE0F /* Project object */ = {
			isa = PBXProject;
			attributes = {
				BuildIndependentTargetsInParallel = NO;
				LastSwiftUpdateCheck = 1640;
				LastUpgradeCheck = 1640;
				TargetAttributes = {
					B26E54C32E3DC3C90060CE0F = {
						CreatedOnToolsVersion = 16.4;
						SystemCapabilities = {
							com.apple.InAppPurchase = {
								enabled = 1;
							};
						};
					};
					B26E54D12E3DC3CB0060CE0F = {
						CreatedOnToolsVersion = 16.4;
						TestTargetID = B26E54C32E3DC3C90060CE0F;
					};
					B26E54DB2E3DC3CB0060CE0F = {
						CreatedOnToolsVersion = 16.4;
						TestTargetID = B26E54C32E3DC3C90060CE0F;
					};
				};
			};
			buildConfigurationList = B26E54BF2E3DC3C90060CE0F /* Build configuration list for PBXProject "Tide Buoy" */;
			developmentRegion = en;
			hasScannedForEncodings = 0;
			knownRegions = (
				en,
				Base,
			);
			mainGroup = B26E54BB2E3DC3C90060CE0F;
			minimizedProjectReferenceProxies = 1;
			packageReferences = (
				1A1C293E2F5B69DC00EEBD1B /* XCRemoteSwiftPackageReference "swift-package-manager-google-mobile-ads" */,
			);
			preferredProjectObjectVersion = 77;
			productRefGroup = B26E54C52E3DC3C90060CE0F /* Products */;
			projectDirPath = "";
			projectRoot = "";
			targets = (
				B26E54C32E3DC3C90060CE0F /* Tide Buoy */,
				B26E54D12E3DC3CB0060CE0F /* Tide BuoyTests */,
				B26E54DB2E3DC3CB0060CE0F /* Tide BuoyUITests */,
			);
		};
/* End PBXProject section */

/* Begin PBXResourcesBuildPhase section */
		B26E54C22E3DC3C90060CE0F /* Resources */ = {
			isa = PBXResourcesBuildPhase;
			buildActionMask = 2147483647;
			files = (
				1AEE8DD92F5B526C0090F6B4 /* Configuration.storekit in Resources */,
				1AEE8DDA2F5B526C0090F6B4 /* C6CAD636.png in Resources */,
			);
			runOnlyForDeploymentPostprocessing = 0;
		};
		B26E54D02E3DC3CB0060CE0F /* Resources */ = {
			isa = PBXResourcesBuildPhase;
			buildActionMask = 2147483647;
			files = (
			);
			runOnlyForDeploymentPostprocessing = 0;
		};
		B26E54DA2E3DC3CB0060CE0F /* Resources */ = {
			isa = PBXResourcesBuildPhase;
			buildActionMask = 2147483647;
			files = (
			);
			runOnlyForDeploymentPostprocessing = 0;
		};
/* End PBXResourcesBuildPhase section */

/* Begin PBXSourcesBuildPhase section */
		B26E54C02E3DC3C90060CE0F /* Sources */ = {
			isa = PBXSourcesBuildPhase;
			buildActionMask = 2147483647;
			files = (
				B26E54FF2E4069F70060CE0F /* TideViewModel.swift in Sources */,
				B2F1002C2E4A5E3B0046C842 /* APICache.swift in Sources */,
				B2F100282E4A5C4F0046C842 /* TideDayListView.swift in Sources */,
				B26E55022E406A2A0060CE0F /* OceanConditions.swift in Sources */,
				B26E54FE2E3DC8210060CE0F /* HomeView.swift in Sources */,
				B26E55002E406A200060CE0F /* mode.swift in Sources */,
				B26E55042E43DE4B0060CE0F /* TideCurveView.swift in Sources */,
				B26E55012E406A270060CE0F /* TidePoint.swift in Sources */,
			);
			runOnlyForDeploymentPostprocessing = 0;
		};
		B26E54CE2E3DC3CB0060CE0F /* Sources */ = {
			isa = PBXSourcesBuildPhase;
			buildActionMask = 2147483647;
			files = (
			);
			runOnlyForDeploymentPostprocessing = 0;
		};
		B26E54D82E3DC3CB0060CE0F /* Sources */ = {
			isa = PBXSourcesBuildPhase;
			buildActionMask = 2147483647;
			files = (
			);
			runOnlyForDeploymentPostprocessing = 0;
		};
/* End PBXSourcesBuildPhase section */

/* Begin PBXTargetDependency section */
		B26E54D42E3DC3CB0060CE0F /* PBXTargetDependency */ = {
			isa = PBXTargetDependency;
			target = B26E54C32E3DC3C90060CE0F /* Tide Buoy */;
			targetProxy = B26E54D32E3DC3CB0060CE0F /* PBXContainerItemProxy */;
		};
		B26E54DE2E3DC3CB0060CE0F /* PBXTargetDependency */ = {
			isa = PBXTargetDependency;
			target = B26E54C32E3DC3C90060CE0F /* Tide Buoy */;
			targetProxy = B26E54DD2E3DC3CB0060CE0F /* PBXContainerItemProxy */;
		};
/* End PBXTargetDependency section */

/* Begin XCBuildConfiguration section */
		B26E54E42E3DC3CB0060CE0F /* Debug */ = {
			isa = XCBuildConfiguration;
			buildSettings = {
				ALWAYS_SEARCH_USER_PATHS = NO;
				ASSETCATALOG_COMPILER_GENERATE_SWIFT_ASSET_SYMBOL_EXTENSIONS = YES;
				CLANG_ANALYZER_NONNULL = YES;
				CLANG_ANALYZER_NUMBER_OBJECT_CONVERSION = YES_AGGRESSIVE;
				CLANG_CXX_LANGUAGE_STANDARD = "gnu++20";
				CLANG_ENABLE_MODULES = YES;
				CLANG_ENABLE_OBJC_ARC = YES;
				CLANG_ENABLE_OBJC_WEAK = YES;
				CLANG_WARN_BLOCK_CAPTURE_AUTORELEASING = YES;
				CLANG_WARN_BOOL_CONVERSION = YES;
				CLANG_WARN_COMMA = YES;
				CLANG_WARN_CONSTANT_CONVERSION = YES;
				CLANG_WARN_DEPRECATED_OBJC_IMPLEMENTATIONS = YES;
				CLANG_WARN_DIRECT_OBJC_ISA_USAGE = YES_ERROR;
				CLANG_WARN_DOCUMENTATION_COMMENTS = YES;
				CLANG_WARN_EMPTY_BODY = YES;
				CLANG_WARN_ENUM_CONVERSION = YES;
				CLANG_WARN_INFINITE_RECURSION = YES;
				CLANG_WARN_INT_CONVERSION = YES;
				CLANG_WARN_NON_LITERAL_NULL_CONVERSION = YES;
				CLANG_WARN_OBJC_IMPLICIT_RETAIN_SELF = YES;
				CLANG_WARN_OBJC_LITERAL_CONVERSION = YES;
				CLANG_WARN_OBJC_ROOT_CLASS = YES_ERROR;
				CLANG_WARN_QUOTED_INCLUDE_IN_FRAMEWORK_HEADER = YES;
				CLANG_WARN_RANGE_LOOP_ANALYSIS = YES;
				CLANG_WARN_STRICT_PROTOTYPES = YES;
				CLANG_WARN_SUSPICIOUS_MOVE = YES;
				CLANG_WARN_UNGUARDED_AVAILABILITY = YES_AGGRESSIVE;
				CLANG_WARN_UNREACHABLE_CODE = YES;
				CLANG_WARN__DUPLICATE_METHOD_MATCH = YES;
				COPY_PHASE_STRIP = NO;
				DEBUG_INFORMATION_FORMAT = dwarf;
				ENABLE_STRICT_OBJC_MSGSEND = YES;
				ENABLE_TESTABILITY = YES;
				ENABLE_USER_SCRIPT_SANDBOXING = YES;
				GCC_C_LANGUAGE_STANDARD = gnu17;
				GCC_DYNAMIC_NO_PIC = NO;
				GCC_NO_COMMON_BLOCKS = YES;
				GCC_OPTIMIZATION_LEVEL = 0;
				GCC_PREPROCESSOR_DEFINITIONS = (
					"DEBUG=1",
					"$(inherited)",
				);
				GCC_WARN_64_TO_32_BIT_CONVERSION = YES;
				GCC_WARN_ABOUT_RETURN_TYPE = YES_ERROR;
				GCC_WARN_UNDECLARED_SELECTOR = YES;
				GCC_WARN_UNINITIALIZED_AUTOS = YES_AGGRESSIVE;
				GCC_WARN_UNUSED_FUNCTION = YES;
				GCC_WARN_UNUSED_VARIABLE = YES;
				LOCALIZATION_PREFERS_STRING_CATALOGS = YES;
				MTL_ENABLE_DEBUG_INFO = INCLUDE_SOURCE;
				MTL_FAST_MATH = YES;
				ONLY_ACTIVE_ARCH = YES;
				SDKROOT = iphoneos;
				SUPPORTED_PLATFORMS = "iphonesimulator iphoneos";
				SWIFT_ACTIVE_COMPILATION_CONDITIONS = "DEBUG $(inherited)";
				SWIFT_OPTIMIZATION_LEVEL = "-Onone";
			};
			name = Debug;
		};
		B26E54E52E3DC3CB0060CE0F /* Release */ = {
			isa = XCBuildConfiguration;
			buildSettings = {
				ALWAYS_SEARCH_USER_PATHS = NO;
				ASSETCATALOG_COMPILER_GENERATE_SWIFT_ASSET_SYMBOL_EXTENSIONS = YES;
				CLANG_ANALYZER_NONNULL = YES;
				CLANG_ANALYZER_NUMBER_OBJECT_CONVERSION = YES_AGGRESSIVE;
				CLANG_CXX_LANGUAGE_STANDARD = "gnu++20";
				CLANG_ENABLE_MODULES = YES;
				CLANG_ENABLE_OBJC_ARC = YES;
				CLANG_ENABLE_OBJC_WEAK = YES;
				CLANG_WARN_BLOCK_CAPTURE_AUTORELEASING = YES;
				CLANG_WARN_BOOL_CONVERSION = YES;
				CLANG_WARN_COMMA = YES;
				CLANG_WARN_CONSTANT_CONVERSION = YES;
				CLANG_WARN_DEPRECATED_OBJC_IMPLEMENTATIONS = YES;
				CLANG_WARN_DIRECT_OBJC_ISA_USAGE = YES_ERROR;
				CLANG_WARN_DOCUMENTATION_COMMENTS = YES;
				CLANG_WARN_EMPTY_BODY = YES;
				CLANG_WARN_ENUM_CONVERSION = YES;
				CLANG_WARN_INFINITE_RECURSION = YES;
				CLANG_WARN_INT_CONVERSION = YES;
				CLANG_WARN_NON_LITERAL_NULL_CONVERSION = YES;
				CLANG_WARN_OBJC_IMPLICIT_RETAIN_SELF = YES;
				CLANG_WARN_OBJC_LITERAL_CONVERSION = YES;
				CLANG_WARN_OBJC_ROOT_CLASS = YES_ERROR;
				CLANG_WARN_QUOTED_INCLUDE_IN_FRAMEWORK_HEADER = YES;
				CLANG_WARN_RANGE_LOOP_ANALYSIS = YES;
				CLANG_WARN_STRICT_PROTOTYPES = YES;
				CLANG_WARN_SUSPICIOUS_MOVE = YES;
				CLANG_WARN_UNGUARDED_AVAILABILITY = YES_AGGRESSIVE;
				CLANG_WARN_UNREACHABLE_CODE = YES;
				CLANG_WARN__DUPLICATE_METHOD_MATCH = YES;
				COPY_PHASE_STRIP = NO;
				DEBUG_INFORMATION_FORMAT = "dwarf-with-dsym";
				ENABLE_NS_ASSERTIONS = NO;
				ENABLE_STRICT_OBJC_MSGSEND = YES;
				ENABLE_USER_SCRIPT_SANDBOXING = YES;
				GCC_C_LANGUAGE_STANDARD = gnu17;
				GCC_NO_COMMON_BLOCKS = YES;
				GCC_WARN_64_TO_32_BIT_CONVERSION = YES;
				GCC_WARN_ABOUT_RETURN_TYPE = YES_ERROR;
				GCC_WARN_UNDECLARED_SELECTOR = YES;
				GCC_WARN_UNINITIALIZED_AUTOS = YES_AGGRESSIVE;
				GCC_WARN_UNUSED_FUNCTION = YES;
				GCC_WARN_UNUSED_VARIABLE = YES;
				LOCALIZATION_PREFERS_STRING_CATALOGS = YES;
				MTL_ENABLE_DEBUG_INFO = NO;
				MTL_FAST_MATH = YES;
				SDKROOT = iphoneos;
				SUPPORTED_PLATFORMS = "iphonesimulator iphoneos";
				SWIFT_COMPILATION_MODE = wholemodule;
			};
			name = Release;
		};
		B26E54E72E3DC3CB0060CE0F /* Debug */ = {
			isa = XCBuildConfiguration;
			buildSettings = {
				ASSETCATALOG_COMPILER_APPICON_NAME = AppIcon;
				ASSETCATALOG_COMPILER_GLOBAL_ACCENT_COLOR_NAME = AccentColor;
				CODE_SIGN_STYLE = Automatic;
					CURRENT_PROJECT_VERSION = 2;
				DEVELOPMENT_TEAM = LQPD387NY4;
				ENABLE_PREVIEWS = YES;
				GENERATE_INFOPLIST_FILE = YES;
				INFOPLIST_FILE = "Tide-Buoy-Info.plist";
				INFOPLIST_KEY_CFBundleDisplayName = "Tide Buoy";
				INFOPLIST_KEY_GADApplicationIdentifier = "ca-app-pub-6342044419043640~8787733920";
				INFOPLIST_KEY_LSApplicationCategoryType = "public.app-category.weather";
				INFOPLIST_KEY_NSLocationWhenInUseUsageDescription = "Tide Buoy uses your location to show nearby tide stations and buoy readings.";
				INFOPLIST_KEY_NSUserTrackingUsageDescription = "This identifier may be used to deliver more relevant ads.";
				INFOPLIST_KEY_UIAppFonts = "Fonts/Calder-LC.ttf";
				"INFOPLIST_KEY_UIApplicationSceneManifest_Generation[sdk=iphoneos*]" = YES;
				"INFOPLIST_KEY_UIApplicationSceneManifest_Generation[sdk=iphonesimulator*]" = YES;
				"INFOPLIST_KEY_UIApplicationSupportsIndirectInputEvents[sdk=iphoneos*]" = YES;
				"INFOPLIST_KEY_UIApplicationSupportsIndirectInputEvents[sdk=iphonesimulator*]" = YES;
				"INFOPLIST_KEY_UILaunchScreen_Generation[sdk=iphoneos*]" = YES;
				"INFOPLIST_KEY_UILaunchScreen_Generation[sdk=iphonesimulator*]" = YES;
				"INFOPLIST_KEY_UIStatusBarStyle[sdk=iphoneos*]" = UIStatusBarStyleDefault;
				"INFOPLIST_KEY_UIStatusBarStyle[sdk=iphonesimulator*]" = UIStatusBarStyleDefault;
				INFOPLIST_KEY_UIRequiresFullScreen = YES;
				INFOPLIST_KEY_UISupportedInterfaceOrientations = UIInterfaceOrientationPortrait;
				IPHONEOS_DEPLOYMENT_TARGET = 18.5;
				LD_RUNPATH_SEARCH_PATHS = "@executable_path/Frameworks";
				"LD_RUNPATH_SEARCH_PATHS[sdk=macosx*]" = "@executable_path/../Frameworks";
				MACOSX_DEPLOYMENT_TARGET = 15.5;
					MARKETING_VERSION = 1.0.0;
				PRODUCT_BUNDLE_IDENTIFIER = "Brad-Booth-Media.Tide-Buoy";
				PRODUCT_NAME = "$(TARGET_NAME)";
				REGISTER_APP_GROUPS = YES;
				SDKROOT = auto;
				SUPPORTED_PLATFORMS = "iphoneos iphonesimulator";
				SUPPORTS_MACCATALYST = NO;
				SWIFT_EMIT_LOC_STRINGS = YES;
				SWIFT_VERSION = 5.0;
				TARGETED_DEVICE_FAMILY = "1,2";
				XROS_DEPLOYMENT_TARGET = 2.5;
			};
			name = Debug;
		};
		B26E54E82E3DC3CB0060CE0F /* Release */ = {
			isa = XCBuildConfiguration;
			buildSettings = {
				ASSETCATALOG_COMPILER_APPICON_NAME = AppIcon;
				ASSETCATALOG_COMPILER_GLOBAL_ACCENT_COLOR_NAME = AccentColor;
				CODE_SIGN_STYLE = Automatic;
					CURRENT_PROJECT_VERSION = 2;
				DEVELOPMENT_TEAM = LQPD387NY4;
				ENABLE_PREVIEWS = YES;
				GENERATE_INFOPLIST_FILE = YES;
				INFOPLIST_FILE = "Tide-Buoy-Info.plist";
				INFOPLIST_KEY_CFBundleDisplayName = "Tide Buoy";
				INFOPLIST_KEY_GADApplicationIdentifier = "ca-app-pub-6342044419043640~8787733920";
				INFOPLIST_KEY_LSApplicationCategoryType = "public.app-category.weather";
				INFOPLIST_KEY_NSLocationWhenInUseUsageDescription = "Tide Buoy uses your location to show nearby tide stations and buoy readings.";
				INFOPLIST_KEY_NSUserTrackingUsageDescription = "This identifier may be used to deliver more relevant ads.";
				INFOPLIST_KEY_UIAppFonts = "Fonts/Calder-LC.ttf";
				"INFOPLIST_KEY_UIApplicationSceneManifest_Generation[sdk=iphoneos*]" = YES;
				"INFOPLIST_KEY_UIApplicationSceneManifest_Generation[sdk=iphonesimulator*]" = YES;
				"INFOPLIST_KEY_UIApplicationSupportsIndirectInputEvents[sdk=iphoneos*]" = YES;
				"INFOPLIST_KEY_UIApplicationSupportsIndirectInputEvents[sdk=iphonesimulator*]" = YES;
				"INFOPLIST_KEY_UILaunchScreen_Generation[sdk=iphoneos*]" = YES;
				"INFOPLIST_KEY_UILaunchScreen_Generation[sdk=iphonesimulator*]" = YES;
				"INFOPLIST_KEY_UIStatusBarStyle[sdk=iphoneos*]" = UIStatusBarStyleDefault;
				"INFOPLIST_KEY_UIStatusBarStyle[sdk=iphonesimulator*]" = UIStatusBarStyleDefault;
				INFOPLIST_KEY_UIRequiresFullScreen = YES;
				INFOPLIST_KEY_UISupportedInterfaceOrientations = UIInterfaceOrientationPortrait;
				IPHONEOS_DEPLOYMENT_TARGET = 18.5;
				LD_RUNPATH_SEARCH_PATHS = "@executable_path/Frameworks";
				"LD_RUNPATH_SEARCH_PATHS[sdk=macosx*]" = "@executable_path/../Frameworks";
				MACOSX_DEPLOYMENT_TARGET = 15.5;
					MARKETING_VERSION = 1.0.0;
				PRODUCT_BUNDLE_IDENTIFIER = "Brad-Booth-Media.Tide-Buoy";
				PRODUCT_NAME = "$(TARGET_NAME)";
				REGISTER_APP_GROUPS = YES;
				SDKROOT = auto;
				SUPPORTED_PLATFORMS = "iphoneos iphonesimulator";
				SUPPORTS_MACCATALYST = NO;
				SWIFT_EMIT_LOC_STRINGS = YES;
				SWIFT_VERSION = 5.0;
				TARGETED_DEVICE_FAMILY = "1,2";
				XROS_DEPLOYMENT_TARGET = 2.5;
			};
			name = Release;
		};
		B26E54EA2E3DC3CB0060CE0F /* Debug */ = {
			isa = XCBuildConfiguration;
			buildSettings = {
				BUNDLE_LOADER = "$(TEST_HOST)";
				CODE_SIGN_STYLE = Automatic;
				CURRENT_PROJECT_VERSION = 1;
				GENERATE_INFOPLIST_FILE = YES;
				IPHONEOS_DEPLOYMENT_TARGET = 18.5;
				MACOSX_DEPLOYMENT_TARGET = 15.5;
				MARKETING_VERSION = 1.0;
				PRODUCT_BUNDLE_IDENTIFIER = "Brad-Booth-Media.Tide-BuoyTests";
				PRODUCT_NAME = "$(TARGET_NAME)";
				SDKROOT = auto;
				SUPPORTED_PLATFORMS = "iphoneos iphonesimulator";
				SUPPORTS_MACCATALYST = NO;
				SWIFT_EMIT_LOC_STRINGS = NO;
				SWIFT_VERSION = 5.0;
				TARGETED_DEVICE_FAMILY = "1,2";
				TEST_HOST = "$(BUILT_PRODUCTS_DIR)/Tide Buoy.app/$(BUNDLE_EXECUTABLE_FOLDER_PATH)/Tide Buoy";
				XROS_DEPLOYMENT_TARGET = 2.5;
			};
			name = Debug;
		};
		B26E54EB2E3DC3CB0060CE0F /* Release */ = {
			isa = XCBuildConfiguration;
			buildSettings = {
				BUNDLE_LOADER = "$(TEST_HOST)";
				CODE_SIGN_STYLE = Automatic;
				CURRENT_PROJECT_VERSION = 1;
				GENERATE_INFOPLIST_FILE = YES;
				IPHONEOS_DEPLOYMENT_TARGET = 18.5;
				MACOSX_DEPLOYMENT_TARGET = 15.5;
				MARKETING_VERSION = 1.0;
				PRODUCT_BUNDLE_IDENTIFIER = "Brad-Booth-Media.Tide-BuoyTests";
				PRODUCT_NAME = "$(TARGET_NAME)";
				SDKROOT = auto;
				SUPPORTED_PLATFORMS = "iphoneos iphonesimulator";
				SUPPORTS_MACCATALYST = NO;
				SWIFT_EMIT_LOC_STRINGS = NO;
				SWIFT_VERSION = 5.0;
				TARGETED_DEVICE_FAMILY = "1,2";
				TEST_HOST = "$(BUILT_PRODUCTS_DIR)/Tide Buoy.app/$(BUNDLE_EXECUTABLE_FOLDER_PATH)/Tide Buoy";
				XROS_DEPLOYMENT_TARGET = 2.5;
			};
			name = Release;
		};
		B26E54ED2E3DC3CB0060CE0F /* Debug */ = {
			isa = XCBuildConfiguration;
			buildSettings = {
				CODE_SIGN_STYLE = Automatic;
				CURRENT_PROJECT_VERSION = 1;
				GENERATE_INFOPLIST_FILE = YES;
				IPHONEOS_DEPLOYMENT_TARGET = 18.5;
				MACOSX_DEPLOYMENT_TARGET = 15.5;
				MARKETING_VERSION = 1.0;
				PRODUCT_BUNDLE_IDENTIFIER = "Brad-Booth-Media.Tide-BuoyUITests";
				PRODUCT_NAME = "$(TARGET_NAME)";
				SDKROOT = auto;
				SUPPORTED_PLATFORMS = "iphoneos iphonesimulator";
				SUPPORTS_MACCATALYST = NO;
				SWIFT_EMIT_LOC_STRINGS = NO;
				SWIFT_VERSION = 5.0;
				TARGETED_DEVICE_FAMILY = "1,2";
				TEST_TARGET_NAME = "Tide Buoy";
				XROS_DEPLOYMENT_TARGET = 2.5;
			};
			name = Debug;
		};
		B26E54EE2E3DC3CB0060CE0F /* Release */ = {
			isa = XCBuildConfiguration;
			buildSettings = {
				CODE_SIGN_STYLE = Automatic;
				CURRENT_PROJECT_VERSION = 1;
				GENERATE_INFOPLIST_FILE = YES;
				IPHONEOS_DEPLOYMENT_TARGET = 18.5;
				MACOSX_DEPLOYMENT_TARGET = 15.5;
				MARKETING_VERSION = 1.0;
				PRODUCT_BUNDLE_IDENTIFIER = "Brad-Booth-Media.Tide-BuoyUITests";
				PRODUCT_NAME = "$(TARGET_NAME)";
				SDKROOT = auto;
				SUPPORTED_PLATFORMS = "iphoneos iphonesimulator";
				SUPPORTS_MACCATALYST = NO;
				SWIFT_EMIT_LOC_STRINGS = NO;
				SWIFT_VERSION = 5.0;
				TARGETED_DEVICE_FAMILY = "1,2";
				TEST_TARGET_NAME = "Tide Buoy";
				XROS_DEPLOYMENT_TARGET = 2.5;
			};
			name = Release;
		};
/* End XCBuildConfiguration section */

/* Begin XCConfigurationList section */
		B26E54BF2E3DC3C90060CE0F /* Build configuration list for PBXProject "Tide Buoy" */ = {
			isa = XCConfigurationList;
			buildConfigurations = (
				B26E54E42E3DC3CB0060CE0F /* Debug */,
				B26E54E52E3DC3CB0060CE0F /* Release */,
			);
			defaultConfigurationIsVisible = 0;
			defaultConfigurationName = Release;
		};
		B26E54E62E3DC3CB0060CE0F /* Build configuration list for PBXNativeTarget "Tide Buoy" */ = {
			isa = XCConfigurationList;
			buildConfigurations = (
				B26E54E72E3DC3CB0060CE0F /* Debug */,
				B26E54E82E3DC3CB0060CE0F /* Release */,
			);
			defaultConfigurationIsVisible = 0;
			defaultConfigurationName = Release;
		};
		B26E54E92E3DC3CB0060CE0F /* Build configuration list for PBXNativeTarget "Tide BuoyTests" */ = {
			isa = XCConfigurationList;
			buildConfigurations = (
				B26E54EA2E3DC3CB0060CE0F /* Debug */,
				B26E54EB2E3DC3CB0060CE0F /* Release */,
			);
			defaultConfigurationIsVisible = 0;
			defaultConfigurationName = Release;
		};
		B26E54EC2E3DC3CB0060CE0F /* Build configuration list for PBXNativeTarget "Tide BuoyUITests" */ = {
			isa = XCConfigurationList;
			buildConfigurations = (
				B26E54ED2E3DC3CB0060CE0F /* Debug */,
				B26E54EE2E3DC3CB0060CE0F /* Release */,
			);
			defaultConfigurationIsVisible = 0;
			defaultConfigurationName = Release;
		};
/* End XCConfigurationList section */

/* Begin XCRemoteSwiftPackageReference section */
		1A1C293E2F5B69DC00EEBD1B /* XCRemoteSwiftPackageReference "swift-package-manager-google-mobile-ads" */ = {
			isa = XCRemoteSwiftPackageReference;
			repositoryURL = "https://github.com/googleads/swift-package-manager-google-mobile-ads.git";
			requirement = {
				kind = upToNextMajorVersion;
				minimumVersion = 13.1.0;
			};
		};
/* End XCRemoteSwiftPackageReference section */

/* Begin XCSwiftPackageProductDependency section */
		1A1C293F2F5B69DC00EEBD1B /* GoogleMobileAds */ = {
			isa = XCSwiftPackageProductDependency;
			package = 1A1C293E2F5B69DC00EEBD1B /* XCRemoteSwiftPackageReference "swift-package-manager-google-mobile-ads" */;
			productName = GoogleMobileAds;
		};
/* End XCSwiftPackageProductDependency section */
	};
	rootObject = B26E54BC2E3DC3C90060CE0F /* Project object */;
}
